
Microsoft Visual Studio Solution File, Format Version 12.00
# Visual Studio Version 17
VisualStudioVersion = 17.5.002.0
MinimumVisualStudioVersion = 10.0.40219.1
Project("{9A19103F-16F7-4668-BE54-9A1E7A4F7556}") = "TaskManagerMVC", "TaskManagerMVC\TaskManagerMVC.csproj", "{A5043C39-0177-4B3B-BD35-AC5077A37E51}"
EndProject
Global
	GlobalSection(SolutionConfigurationPlatforms) = preSolution
		Debug|Any CPU = Debug|Any CPU
		Release|Any CPU = Release|Any CPU
	EndGlobalSection
	GlobalSection(ProjectConfigurationPlatforms) = postSolution
		{A5043C39-0177-4B3B-BD35-AC5077A37E51}.Debug|Any CPU.ActiveCfg = Debug|Any CPU
		{A5043C39-0177-4B3B-BD35-AC5077A37E51}.Debug|Any CPU.Build.0 = Debug|Any CPU
		{A5043C39-0177-4B3B-BD35-AC5077A37E51}.Release|Any CPU.ActiveCfg = Release|Any CPU
		{A5043C39-0177-4B3B-BD35-AC5077A37E51}.Release|Any CPU.Build.0 = Release|Any CPU
	EndGlobalSection
	GlobalSection(SolutionProperties) = preSolution
		HideSolutionNode = FALSE
	EndGlobalSection
	GlobalSection(ExtensibilityGlobals) = postSolution
		SolutionGuid = {7946A431-2DBA-4778-9306-19871D5FCDC6}
	EndGlobalSection
EndGlobal
